# This file is autogenerated, do not edit; changes may be undone by the next 'dep ensure'.


[[projects]]
  digest = "1:98b5bf49a3b26f2f7fb755b41c2bd1789c4f1fa92038fb40e6e2f91b1b4698b5"
  name = "github.com/360EntSecGroup-Skylar/excelize"
  packages = ["."]
  pruneopts = "UT"
  revision = "a00ba75f0f294ce04bfe8d25703d13cd27d6284f"
  version = "v2.0.2"

[[projects]]
  branch = "master"
  digest = "1:84bd7f8a2e0bcd53ddc33c3b47c34c1fe340c8632cbe928f7f8ae10ec6ecdd62"
  name = "github.com/mohae/deepcopy"
  packages = ["."]
  pruneopts = "UT"
  revision = "c48cc78d482608239f6c4c92a4abd87eb8761c90"

[solve-meta]
  analyzer-name = "dep"
  analyzer-version = 1
  input-imports = ["github.com/360EntSecGroup-Skylar/excelize"]
  solver-name = "gps-cdcl"
  solver-version = 1
